
Microsoft Visual Studio Solution File, Format Version 12.00
# Visual Studio Version 18
VisualStudioVersion = 18.3.11505.172
MinimumVisualStudioVersion = 10.0.40219.1
Project("{FAE04EC0-301F-11D3-BF4B-00C04F79EFBC}") = "PDCA.AppHost", "PDCA.AppHost\PDCA.AppHost.csproj", "{B3CAA983-D4BB-47E5-A8DF-51AC62751F12}"
	ProjectSection(ProjectDependencies) = postProject
		{081BA2B9-2B01-1D1C-0545-CB8434CE9C06} = {081BA2B9-2B01-1D1C-0545-CB8434CE9C06}
	EndProjectSection
EndProject
Project("{FAE04EC0-301F-11D3-BF4B-00C04F79EFBC}") = "PDCA.ServiceDefaults", "PDCA.ServiceDefaults\PDCA.ServiceDefaults.csproj", "{D7E06511-C9F8-6C1A-F124-87D31E04AD45}"
EndProject
Project("{FAE04EC0-301F-11D3-BF4B-00C04F79EFBC}") = "PDCA.SystemService", "PDCA.SystemService\PDCA.SystemService.csproj", "{D954EA03-1419-5E08-BF95-2AB9CD951378}"
EndProject
Project("{FAE04EC0-301F-11D3-BF4B-00C04F79EFBC}") = "PDCA.SystemService.Tests", "PDCA.SystemService.Tests\PDCA.SystemService.Tests.csproj", "{5A1E6E72-4F5A-4D3B-A6DD-6D0B8E2B2D21}"
EndProject
Project("{FAE04EC0-301F-11D3-BF4B-00C04F79EFBC}") = "PDCA.ApiGateway", "PDCA.ApiGateway\PDCA.ApiGateway.csproj", "{081BA2B9-2B01-1D1C-0545-CB8434CE9C06}"
	ProjectSection(ProjectDependencies) = postProject
		{D7E06511-C9F8-6C1A-F124-87D31E04AD45} = {D7E06511-C9F8-6C1A-F124-87D31E04AD45}
	EndProjectSection
EndProject
Project("{FAE04EC0-301F-11D3-BF4B-00C04F79EFBC}") = "PDCA.FileService", "PDCA.FileService\PDCA.FileService.csproj", "{8B3B3A74-298C-1A33-254F-CF8ADD9A77F7}"
EndProject
Project("{54A90642-561A-4BB1-A94E-469ADEE60C69}") = "PDCA.Web", "PDCA.Web\PDCA.Web.esproj", "{59539283-D79A-695C-3869-5A7F80182790}"
EndProject
Project("{FAE04EC0-301F-11D3-BF4B-00C04F79EFBC}") = "PDCA.Shared", "PDCA.Shared\PDCA.Shared.csproj", "{693D3819-2BB8-A111-B126-BD92DE929B2A}"
EndProject
Global
	GlobalSection(SolutionConfigurationPlatforms) = preSolution
		Debug|Any CPU = Debug|Any CPU
		Debug|x64 = Debug|x64
		Debug|x86 = Debug|x86
		Release|Any CPU = Release|Any CPU
		Release|x64 = Release|x64
		Release|x86 = Release|x86
	EndGlobalSection
	GlobalSection(ProjectConfigurationPlatforms) = postSolution
		{B3CAA983-D4BB-47E5-A8DF-51AC62751F12}.Debug|Any CPU.ActiveCfg = Debug|Any CPU
		{B3CAA983-D4BB-47E5-A8DF-51AC62751F12}.Debug|Any CPU.Build.0 = Debug|Any CPU
		{B3CAA983-D4BB-47E5-A8DF-51AC62751F12}.Debug|x64.ActiveCfg = Debug|Any CPU
		{B3CAA983-D4BB-47E5-A8DF-51AC62751F12}.Debug|x64.Build.0 = Debug|Any CPU
		{B3CAA983-D4BB-47E5-A8DF-51AC62751F12}.Debug|x86.ActiveCfg = Debug|Any CPU
		{B3CAA983-D4BB-47E5-A8DF-51AC62751F12}.Debug|x86.Build.0 = Debug|Any CPU
		{B3CAA983-D4BB-47E5-A8DF-51AC62751F12}.Release|Any CPU.ActiveCfg = Release|Any CPU
		{B3CAA983-D4BB-47E5-A8DF-51AC62751F12}.Release|Any CPU.Build.0 = Release|Any CPU
		{B3CAA983-D4BB-47E5-A8DF-51AC62751F12}.Release|x64.ActiveCfg = Release|Any CPU
		{B3CAA983-D4BB-47E5-A8DF-51AC62751F12}.Release|x64.Build.0 = Release|Any CPU
		{B3CAA983-D4BB-47E5-A8DF-51AC62751F12}.Release|x86.ActiveCfg = Release|Any CPU
		{B3CAA983-D4BB-47E5-A8DF-51AC62751F12}.Release|x86.Build.0 = Release|Any CPU
		{D7E06511-C9F8-6C1A-F124-87D31E04AD45}.Debug|Any CPU.ActiveCfg = Debug|Any CPU
		{D7E06511-C9F8-6C1A-F124-87D31E04AD45}.Debug|Any CPU.Build.0 = Debug|Any CPU
		{D7E06511-C9F8-6C1A-F124-87D31E04AD45}.Debug|x64.ActiveCfg = Debug|Any CPU
		{D7E06511-C9F8-6C1A-F124-87D31E04AD45}.Debug|x64.Build.0 = Debug|Any CPU
		{D7E06511-C9F8-6C1A-F124-87D31E04AD45}.Debug|x86.ActiveCfg = Debug|Any CPU
		{D7E06511-C9F8-6C1A-F124-87D31E04AD45}.Debug|x86.Build.0 = Debug|Any CPU
		{D7E06511-C9F8-6C1A-F124-87D31E04AD45}.Release|Any CPU.ActiveCfg = Release|Any CPU
		{D7E06511-C9F8-6C1A-F124-87D31E04AD45}.Release|Any CPU.Build.0 = Release|Any CPU
		{D7E06511-C9F8-6C1A-F124-87D31E04AD45}.Release|x64.ActiveCfg = Release|Any CPU
		{D7E06511-C9F8-6C1A-F124-87D31E04AD45}.Release|x64.Build.0 = Release|Any CPU
		{D7E06511-C9F8-6C1A-F124-87D31E04AD45}.Release|x86.ActiveCfg = Release|Any CPU
		{D7E06511-C9F8-6C1A-F124-87D31E04AD45}.Release|x86.Build.0 = Release|Any CPU
		{D954EA03-1419-5E08-BF95-2AB9CD951378}.Debug|Any CPU.ActiveCfg = Debug|Any CPU
		{D954EA03-1419-5E08-BF95-2AB9CD951378}.Debug|Any CPU.Build.0 = Debug|Any CPU
		{D954EA03-1419-5E08-BF95-2AB9CD951378}.Debug|x64.ActiveCfg = Debug|Any CPU
		{D954EA03-1419-5E08-BF95-2AB9CD951378}.Debug|x64.Build.0 = Debug|Any CPU
		{D954EA03-1419-5E08-BF95-2AB9CD951378}.Debug|x86.ActiveCfg = Debug|Any CPU
		{D954EA03-1419-5E08-BF95-2AB9CD951378}.Debug|x86.Build.0 = Debug|Any CPU
		{D954EA03-1419-5E08-BF95-2AB9CD951378}.Release|Any CPU.ActiveCfg = Release|Any CPU
		{D954EA03-1419-5E08-BF95-2AB9CD951378}.Release|Any CPU.Build.0 = Release|Any CPU
		{D954EA03-1419-5E08-BF95-2AB9CD951378}.Release|x64.ActiveCfg = Release|Any CPU
		{D954EA03-1419-5E08-BF95-2AB9CD951378}.Release|x64.Build.0 = Release|Any CPU
		{D954EA03-1419-5E08-BF95-2AB9CD951378}.Release|x86.ActiveCfg = Release|Any CPU
		{D954EA03-1419-5E08-BF95-2AB9CD951378}.Release|x86.Build.0 = Release|Any CPU
		{5A1E6E72-4F5A-4D3B-A6DD-6D0B8E2B2D21}.Debug|Any CPU.ActiveCfg = Debug|Any CPU
		{5A1E6E72-4F5A-4D3B-A6DD-6D0B8E2B2D21}.Debug|Any CPU.Build.0 = Debug|Any CPU
		{5A1E6E72-4F5A-4D3B-A6DD-6D0B8E2B2D21}.Debug|x64.ActiveCfg = Debug|Any CPU
		{5A1E6E72-4F5A-4D3B-A6DD-6D0B8E2B2D21}.Debug|x64.Build.0 = Debug|Any CPU
		{5A1E6E72-4F5A-4D3B-A6DD-6D0B8E2B2D21}.Debug|x86.ActiveCfg = Debug|Any CPU
		{5A1E6E72-4F5A-4D3B-A6DD-6D0B8E2B2D21}.Debug|x86.Build.0 = Debug|Any CPU
		{5A1E6E72-4F5A-4D3B-A6DD-6D0B8E2B2D21}.Release|Any CPU.ActiveCfg = Release|Any CPU
		{5A1E6E72-4F5A-4D3B-A6DD-6D0B8E2B2D21}.Release|Any CPU.Build.0 = Release|Any CPU
		{5A1E6E72-4F5A-4D3B-A6DD-6D0B8E2B2D21}.Release|x64.ActiveCfg = Release|Any CPU
		{5A1E6E72-4F5A-4D3B-A6DD-6D0B8E2B2D21}.Release|x64.Build.0 = Release|Any CPU
		{5A1E6E72-4F5A-4D3B-A6DD-6D0B8E2B2D21}.Release|x86.ActiveCfg = Release|Any CPU
		{5A1E6E72-4F5A-4D3B-A6DD-6D0B8E2B2D21}.Release|x86.Build.0 = Release|Any CPU
		{081BA2B9-2B01-1D1C-0545-CB8434CE9C06}.Debug|Any CPU.ActiveCfg = Debug|Any CPU
		{081BA2B9-2B01-1D1C-0545-CB8434CE9C06}.Debug|Any CPU.Build.0 = Debug|Any CPU
		{081BA2B9-2B01-1D1C-0545-CB8434CE9C06}.Debug|x64.ActiveCfg = Debug|Any CPU
		{081BA2B9-2B01-1D1C-0545-CB8434CE9C06}.Debug|x64.Build.0 = Debug|Any CPU
		{081BA2B9-2B01-1D1C-0545-CB8434CE9C06}.Debug|x86.ActiveCfg = Debug|Any CPU
		{081BA2B9-2B01-1D1C-0545-CB8434CE9C06}.Debug|x86.Build.0 = Debug|Any CPU
		{081BA2B9-2B01-1D1C-0545-CB8434CE9C06}.Release|Any CPU.ActiveCfg = Release|Any CPU
		{081BA2B9-2B01-1D1C-0545-CB8434CE9C06}.Release|Any CPU.Build.0 = Release|Any CPU
		{081BA2B9-2B01-1D1C-0545-CB8434CE9C06}.Release|x64.ActiveCfg = Release|Any CPU
		{081BA2B9-2B01-1D1C-0545-CB8434CE9C06}.Release|x64.Build.0 = Release|Any CPU
		{081BA2B9-2B01-1D1C-0545-CB8434CE9C06}.Release|x86.ActiveCfg = Release|Any CPU
		{081BA2B9-2B01-1D1C-0545-CB8434CE9C06}.Release|x86.Build.0 = Release|Any CPU
		{8B3B3A74-298C-1A33-254F-CF8ADD9A77F7}.Debug|Any CPU.ActiveCfg = Debug|Any CPU
		{8B3B3A74-298C-1A33-254F-CF8ADD9A77F7}.Debug|Any CPU.Build.0 = Debug|Any CPU
		{8B3B3A74-298C-1A33-254F-CF8ADD9A77F7}.Debug|x64.ActiveCfg = Debug|Any CPU
		{8B3B3A74-298C-1A33-254F-CF8ADD9A77F7}.Debug|x64.Build.0 = Debug|Any CPU
		{8B3B3A74-298C-1A33-254F-CF8ADD9A77F7}.Debug|x86.ActiveCfg = Debug|Any CPU
		{8B3B3A74-298C-1A33-254F-CF8ADD9A77F7}.Debug|x86.Build.0 = Debug|Any CPU
		{8B3B3A74-298C-1A33-254F-CF8ADD9A77F7}.Release|Any CPU.ActiveCfg = Release|Any CPU
		{8B3B3A74-298C-1A33-254F-CF8ADD9A77F7}.Release|Any CPU.Build.0 = Release|Any CPU
		{8B3B3A74-298C-1A33-254F-CF8ADD9A77F7}.Release|x64.ActiveCfg = Release|Any CPU
		{8B3B3A74-298C-1A33-254F-CF8ADD9A77F7}.Release|x64.Build.0 = Release|Any CPU
		{8B3B3A74-298C-1A33-254F-CF8ADD9A77F7}.Release|x86.ActiveCfg = Release|Any CPU
		{8B3B3A74-298C-1A33-254F-CF8ADD9A77F7}.Release|x86.Build.0 = Release|Any CPU
		{59539283-D79A-695C-3869-5A7F80182790}.Debug|Any CPU.ActiveCfg = Debug|Any CPU
		{59539283-D79A-695C-3869-5A7F80182790}.Debug|Any CPU.Build.0 = Debug|Any CPU
		{59539283-D79A-695C-3869-5A7F80182790}.Debug|Any CPU.Deploy.0 = Debug|Any CPU
		{59539283-D79A-695C-3869-5A7F80182790}.Debug|x64.ActiveCfg = Debug|x64
		{59539283-D79A-695C-3869-5A7F80182790}.Debug|x86.ActiveCfg = Debug|x86
		{59539283-D79A-695C-3869-5A7F80182790}.Release|Any CPU.ActiveCfg = Release|Any CPU
		{59539283-D79A-695C-3869-5A7F80182790}.Release|Any CPU.Build.0 = Release|Any CPU
		{59539283-D79A-695C-3869-5A7F80182790}.Release|Any CPU.Deploy.0 = Release|Any CPU
		{59539283-D79A-695C-3869-5A7F80182790}.Release|x64.ActiveCfg = Release|x64
		{59539283-D79A-695C-3869-5A7F80182790}.Release|x86.ActiveCfg = Release|x86
		{693D3819-2BB8-A111-B126-BD92DE929B2A}.Debug|Any CPU.ActiveCfg = Debug|Any CPU
		{693D3819-2BB8-A111-B126-BD92DE929B2A}.Debug|Any CPU.Build.0 = Debug|Any CPU
		{693D3819-2BB8-A111-B126-BD92DE929B2A}.Debug|x64.ActiveCfg = Debug|Any CPU
		{693D3819-2BB8-A111-B126-BD92DE929B2A}.Debug|x64.Build.0 = Debug|Any CPU
		{693D3819-2BB8-A111-B126-BD92DE929B2A}.Debug|x86.ActiveCfg = Debug|Any CPU
		{693D3819-2BB8-A111-B126-BD92DE929B2A}.Debug|x86.Build.0 = Debug|Any CPU
		{693D3819-2BB8-A111-B126-BD92DE929B2A}.Release|Any CPU.ActiveCfg = Release|Any CPU
		{693D3819-2BB8-A111-B126-BD92DE929B2A}.Release|Any CPU.Build.0 = Release|Any CPU
		{693D3819-2BB8-A111-B126-BD92DE929B2A}.Release|x64.ActiveCfg = Release|Any CPU
		{693D3819-2BB8-A111-B126-BD92DE929B2A}.Release|x64.Build.0 = Release|Any CPU
		{693D3819-2BB8-A111-B126-BD92DE929B2A}.Release|x86.ActiveCfg = Release|Any CPU
		{693D3819-2BB8-A111-B126-BD92DE929B2A}.Release|x86.Build.0 = Release|Any CPU
	EndGlobalSection
	GlobalSection(SolutionProperties) = preSolution
		HideSolutionNode = FALSE
	EndGlobalSection
	GlobalSection(ExtensibilityGlobals) = postSolution
		SolutionGuid = {ED958F5D-97E0-4BA7-A035-7BA120EBE650}
	EndGlobalSection
EndGlobal
